# This file was autogenerated by Stack.
# You should not edit this file by hand.
# For more information, please see the documentation at:
#   https://docs.haskellstack.org/en/stable/lock_files

packages:
- completed:
    hackage: polysemy-1.2.1.0@sha256:5b8cc3befbd10b8b05354a35dc71d24041c0dad15f28c9301f199b00916b69b6,5776
    pantry-tree:
      size: 3622
      sha256: ede1962350f5a77ccdeb0f194bca18b88fc1113dfa22bd3a6d3143851e222c15
  original:
    hackage: polysemy-1.2.1.0
- completed:
    hackage: polysemy-plugin-0.2.3.0@sha256:f3d7e3eb685deb590928367e663783352e07d14fc1ca93abb7f204e063c56a1f,2697
    pantry-tree:
      size: 1230
      sha256: 3f5d41e30ed3cb19636243c1351c23b0159734ac99735133dbf58d75373036cd
  original:
    hackage: polysemy-plugin-0.2.3.0
- completed:
    hackage: loopbreaker-0.1.1.1@sha256:b97de3912db70a00a1881075ce0f467a2556368bbc361926c63f4847f347d13d,2241
    pantry-tree:
      size: 817
      sha256: c1339fb08df1895465405f295e8278fb86b8bdef5eca72e0a8e5b25af185cc91
  original:
    hackage: loopbreaker-0.1.1.1
- completed:
    size: 137143
    url: https://github.com/jberryman/unagi-chan/archive/671ee5dc4c6894a51bc216bdb18fa21e42e4cdba.tar.gz
    cabal-file:
      size: 8708
      sha256: a20551027c44b67362cbaeb17b8ad6a0ea3263e66f536ba4583b71d32bbede4d
    name: unagi-chan
    version: 0.4.1.2
    sha256: 2ec1a3438588ec9ddf8c139d0ab524b32d55245494a46aedb2b71d6c1ec0f9b8
    pantry-tree:
      size: 2575
      sha256: aac3ecdd1754897d69bb63e8da0007b677d352328e07b546fd174c2f8c4284fd
  original:
    url: https://github.com/jberryman/unagi-chan/archive/671ee5dc4c6894a51bc216bdb18fa21e42e4cdba.tar.gz
- completed:
    size: 10447
    url: https://github.com/chshersh/type-errors-pretty/archive/93f7f90c6b956bd5ab59645746c4a78e3f8d1676.tar.gz
    cabal-file:
      size: 2335
      sha256: db257a379ac9345206253e5e38d1d1eb9359ca525cece455f8fa3568448fb88d
    name: type-errors-pretty
    version: 0.0.1.0
    sha256: 156e5308ebba69ca55fd2e32f31c8fdc485bcdf5e9388743cab9f014557e7232
    pantry-tree:
      size: 603
      sha256: b0b6f91f3bc9b2eea0a5b044a99a0b65f5656a37d5417460dfa760e7a82d855f
  original:
    url: https://github.com/chshersh/type-errors-pretty/archive/93f7f90c6b956bd5ab59645746c4a78e3f8d1676.tar.gz
snapshots:
- completed:
    size: 399424
    url: https://raw.githubusercontent.com/commercialhaskell/stackage-snapshots/master/nightly/2019/10/14.yaml
    sha256: 03b1085ff53e7de68b2be88a3299ac33d9d6651c9b15f54ed14d6b3bbd560e48
  original: nightly-2019-10-14
